
Microsoft Visual Studio Solution File, Format Version 12.00
# Visual Studio Version 17
VisualStudioVersion = 17.14.36414.22 d17.14
MinimumVisualStudioVersion = 10.0.40219.1
Project("{FAE04EC0-301F-11D3-BF4B-00C04F79EFBC}") = "ComandaPro.Domain", "ComandaPro.Domain\ComandaPro.Domain.csproj", "{4706375D-0EF7-48DB-BFC1-7143ECD9A97F}"
EndProject
Global
	GlobalSection(SolutionConfigurationPlatforms) = preSolution
		Debug|Any CPU = Debug|Any CPU
		Release|Any CPU = Release|Any CPU
	EndGlobalSection
	GlobalSection(ProjectConfigurationPlatforms) = postSolution
		{4706375D-0EF7-48DB-BFC1-7143ECD9A97F}.Debug|Any CPU.ActiveCfg = Debug|Any CPU
		{4706375D-0EF7-48DB-BFC1-7143ECD9A97F}.Debug|Any CPU.Build.0 = Debug|Any CPU
		{4706375D-0EF7-48DB-BFC1-7143ECD9A97F}.Release|Any CPU.ActiveCfg = Release|Any CPU
		{4706375D-0EF7-48DB-BFC1-7143ECD9A97F}.Release|Any CPU.Build.0 = Release|Any CPU
	EndGlobalSection
	GlobalSection(SolutionProperties) = preSolution
		HideSolutionNode = FALSE
	EndGlobalSection
	GlobalSection(ExtensibilityGlobals) = postSolution
		SolutionGuid = {D289FA7C-A48A-4F71-AF5C-311EE7E3C6CC}
	EndGlobalSection
EndGlobal
